
Microsoft Visual Studio Solution File, Format Version 12.00
Project("{FAE04EC0-301F-11D3-BF4B-00C04F79EFBC}") = "Task1", "Task1\Task1.csproj", "{8FCBD52A-57AB-41C5-83C7-7A4410156F93}"
EndProject
Global
	GlobalSection(SolutionConfigurationPlatforms) = preSolution
		Debug|Any CPU = Debug|Any CPU
		Release|Any CPU = Release|Any CPU
	EndGlobalSection
	GlobalSection(ProjectConfigurationPlatforms) = postSolution
		{8FCBD52A-57AB-41C5-83C7-7A4410156F93}.Debug|Any CPU.ActiveCfg = Debug|Any CPU
		{8FCBD52A-57AB-41C5-83C7-7A4410156F93}.Debug|Any CPU.Build.0 = Debug|Any CPU
		{8FCBD52A-57AB-41C5-83C7-7A4410156F93}.Release|Any CPU.ActiveCfg = Release|Any CPU
		{8FCBD52A-57AB-41C5-83C7-7A4410156F93}.Release|Any CPU.Build.0 = Release|Any CPU
	EndGlobalSection
EndGlobal
